
Microsoft Visual Studio Solution File, Format Version 12.00
# Visual Studio Version 17
VisualStudioVersion = 17.14.36603.0 d17.14
MinimumVisualStudioVersion = 10.0.40219.1
Project("{FAE04EC0-301F-11D3-BF4B-00C04F79EFBC}") = "LearnTeach.Api", "LearnTeach.Api\LearnTeach.Api.csproj", "{B7F09C19-090B-4BBE-AAA2-61C955036F25}"
EndProject
Project("{FAE04EC0-301F-11D3-BF4B-00C04F79EFBC}") = "LearnTeach.Domain", "LearnTeach.Domain\LearnTeach.Domain.csproj", "{1C3F8768-B33E-4B23-966E-5DB049EDF331}"
EndProject
Project("{FAE04EC0-301F-11D3-BF4B-00C04F79EFBC}") = "LearnTeach.Application", "LearnTeach.Application\LearnTeach.Application.csproj", "{BD483042-58E9-4F83-A1EB-84A4CE180E22}"
EndProject
Project("{FAE04EC0-301F-11D3-BF4B-00C04F79EFBC}") = "LearnTeach.Infrastructure", "LearnTeach.Infrastructure\LearnTeach.Infrastructure.csproj", "{2B4906D4-F09D-4E11-89A4-D1639CEA95B7}"
EndProject
Global
	GlobalSection(SolutionConfigurationPlatforms) = preSolution
		Debug|Any CPU = Debug|Any CPU
		Release|Any CPU = Release|Any CPU
	EndGlobalSection
	GlobalSection(ProjectConfigurationPlatforms) = postSolution
		{B7F09C19-090B-4BBE-AAA2-61C955036F25}.Debug|Any CPU.ActiveCfg = Debug|Any CPU
		{B7F09C19-090B-4BBE-AAA2-61C955036F25}.Debug|Any CPU.Build.0 = Debug|Any CPU
		{B7F09C19-090B-4BBE-AAA2-61C955036F25}.Release|Any CPU.ActiveCfg = Release|Any CPU
		{B7F09C19-090B-4BBE-AAA2-61C955036F25}.Release|Any CPU.Build.0 = Release|Any CPU
		{1C3F8768-B33E-4B23-966E-5DB049EDF331}.Debug|Any CPU.ActiveCfg = Debug|Any CPU
		{1C3F8768-B33E-4B23-966E-5DB049EDF331}.Debug|Any CPU.Build.0 = Debug|Any CPU
		{1C3F8768-B33E-4B23-966E-5DB049EDF331}.Release|Any CPU.ActiveCfg = Release|Any CPU
		{1C3F8768-B33E-4B23-966E-5DB049EDF331}.Release|Any CPU.Build.0 = Release|Any CPU
		{BD483042-58E9-4F83-A1EB-84A4CE180E22}.Debug|Any CPU.ActiveCfg = Debug|Any CPU
		{BD483042-58E9-4F83-A1EB-84A4CE180E22}.Debug|Any CPU.Build.0 = Debug|Any CPU
		{BD483042-58E9-4F83-A1EB-84A4CE180E22}.Release|Any CPU.ActiveCfg = Release|Any CPU
		{BD483042-58E9-4F83-A1EB-84A4CE180E22}.Release|Any CPU.Build.0 = Release|Any CPU
		{2B4906D4-F09D-4E11-89A4-D1639CEA95B7}.Debug|Any CPU.ActiveCfg = Debug|Any CPU
		{2B4906D4-F09D-4E11-89A4-D1639CEA95B7}.Debug|Any CPU.Build.0 = Debug|Any CPU
		{2B4906D4-F09D-4E11-89A4-D1639CEA95B7}.Release|Any CPU.ActiveCfg = Release|Any CPU
		{2B4906D4-F09D-4E11-89A4-D1639CEA95B7}.Release|Any CPU.Build.0 = Release|Any CPU
	EndGlobalSection
	GlobalSection(SolutionProperties) = preSolution
		HideSolutionNode = FALSE
	EndGlobalSection
	GlobalSection(ExtensibilityGlobals) = postSolution
		SolutionGuid = {18EB85F7-67F6-4E20-8D8C-49BBCD414B89}
	EndGlobalSection
EndGlobal
